
Microsoft Visual Studio Solution File, Format Version 12.00
# Visual Studio Version 17
VisualStudioVersion = 17.3.32929.385
MinimumVisualStudioVersion = 10.0.40219.1
Project("{FAE04EC0-301F-11D3-BF4B-00C04F79EFBC}") = "super_puper_secret_project", "super_puper_secret_project\super_puper_secret_project.csproj", "{33611E72-4A9B-41FD-8525-5EAF7277F459}"
EndProject
Project("{FAE04EC0-301F-11D3-BF4B-00C04F79EFBC}") = "super_puper_secret_projectTests", "super_puper_secret_projectTests\super_puper_secret_projectTests.csproj", "{B8BFE716-8CD5-4F7A-8110-88CCA4DD55A7}"
EndProject
Global
	GlobalSection(SolutionConfigurationPlatforms) = preSolution
		Debug|Any CPU = Debug|Any CPU
		Release|Any CPU = Release|Any CPU
	EndGlobalSection
	GlobalSection(ProjectConfigurationPlatforms) = postSolution
		{33611E72-4A9B-41FD-8525-5EAF7277F459}.Debug|Any CPU.ActiveCfg = Debug|Any CPU
		{33611E72-4A9B-41FD-8525-5EAF7277F459}.Debug|Any CPU.Build.0 = Debug|Any CPU
		{33611E72-4A9B-41FD-8525-5EAF7277F459}.Release|Any CPU.ActiveCfg = Release|Any CPU
		{33611E72-4A9B-41FD-8525-5EAF7277F459}.Release|Any CPU.Build.0 = Release|Any CPU
		{B8BFE716-8CD5-4F7A-8110-88CCA4DD55A7}.Debug|Any CPU.ActiveCfg = Debug|Any CPU
		{B8BFE716-8CD5-4F7A-8110-88CCA4DD55A7}.Debug|Any CPU.Build.0 = Debug|Any CPU
		{B8BFE716-8CD5-4F7A-8110-88CCA4DD55A7}.Release|Any CPU.ActiveCfg = Release|Any CPU
		{B8BFE716-8CD5-4F7A-8110-88CCA4DD55A7}.Release|Any CPU.Build.0 = Release|Any CPU
	EndGlobalSection
	GlobalSection(SolutionProperties) = preSolution
		HideSolutionNode = FALSE
	EndGlobalSection
	GlobalSection(ExtensibilityGlobals) = postSolution
		SolutionGuid = {562E1C5A-2183-4C91-9139-4C6877CD1DBA}
	EndGlobalSection
EndGlobal
